
Microsoft Visual Studio Solution File, Format Version 12.00
# Visual Studio Version 17
VisualStudioVersion = 17.9.34728.123
MinimumVisualStudioVersion = 10.0.40219.1
Project("{FAE04EC0-301F-11D3-BF4B-00C04F79EFBC}") = "AdoNet", "AdoNet\AdoNet.csproj", "{B66F30FA-A251-43C3-9F26-2DEC14040ED5}"
EndProject
Global
	GlobalSection(SolutionConfigurationPlatforms) = preSolution
		Debug|Any CPU = Debug|Any CPU
		Release|Any CPU = Release|Any CPU
	EndGlobalSection
	GlobalSection(ProjectConfigurationPlatforms) = postSolution
		{B66F30FA-A251-43C3-9F26-2DEC14040ED5}.Debug|Any CPU.ActiveCfg = Debug|Any CPU
		{B66F30FA-A251-43C3-9F26-2DEC14040ED5}.Debug|Any CPU.Build.0 = Debug|Any CPU
		{B66F30FA-A251-43C3-9F26-2DEC14040ED5}.Release|Any CPU.ActiveCfg = Release|Any CPU
		{B66F30FA-A251-43C3-9F26-2DEC14040ED5}.Release|Any CPU.Build.0 = Release|Any CPU
	EndGlobalSection
	GlobalSection(SolutionProperties) = preSolution
		HideSolutionNode = FALSE
	EndGlobalSection
	GlobalSection(ExtensibilityGlobals) = postSolution
		SolutionGuid = {E7F1A177-431C-4D05-B102-9E88533E93C1}
	EndGlobalSection
EndGlobal
